
Microsoft Visual Studio Solution File, Format Version 12.00
Project("{FAE04EC0-301F-11D3-BF4B-00C04F79EFBC}") = "SuitSolution", "SuitSolution\SuitSolution.csproj", "{BBF875AA-531C-4735-A76C-FC58E702241F}"
EndProject
Global
	GlobalSection(SolutionConfigurationPlatforms) = preSolution
		Debug|Any CPU = Debug|Any CPU
		Release|Any CPU = Release|Any CPU
	EndGlobalSection
	GlobalSection(ProjectConfigurationPlatforms) = postSolution
		{BBF875AA-531C-4735-A76C-FC58E702241F}.Debug|Any CPU.ActiveCfg = Debug|Any CPU
		{BBF875AA-531C-4735-A76C-FC58E702241F}.Debug|Any CPU.Build.0 = Debug|Any CPU
		{BBF875AA-531C-4735-A76C-FC58E702241F}.Release|Any CPU.ActiveCfg = Release|Any CPU
		{BBF875AA-531C-4735-A76C-FC58E702241F}.Release|Any CPU.Build.0 = Release|Any CPU
	EndGlobalSection
EndGlobal
